
Microsoft Visual Studio Solution File, Format Version 12.00
# Visual Studio Version 16
VisualStudioVersion = 16.0.30503.244
MinimumVisualStudioVersion = 10.0.40219.1
Project("{FAE04EC0-301F-11D3-BF4B-00C04F79EFBC}") = "CreateStruct", "CreateStruct\CreateStruct.csproj", "{4523BB4C-0500-42DD-819D-50C316B0E9DE}"
EndProject
Global
	GlobalSection(SolutionConfigurationPlatforms) = preSolution
		Debug|Any CPU = Debug|Any CPU
		Release|Any CPU = Release|Any CPU
	EndGlobalSection
	GlobalSection(ProjectConfigurationPlatforms) = postSolution
		{4523BB4C-0500-42DD-819D-50C316B0E9DE}.Debug|Any CPU.ActiveCfg = Debug|Any CPU
		{4523BB4C-0500-42DD-819D-50C316B0E9DE}.Debug|Any CPU.Build.0 = Debug|Any CPU
		{4523BB4C-0500-42DD-819D-50C316B0E9DE}.Release|Any CPU.ActiveCfg = Release|Any CPU
		{4523BB4C-0500-42DD-819D-50C316B0E9DE}.Release|Any CPU.Build.0 = Release|Any CPU
	EndGlobalSection
	GlobalSection(SolutionProperties) = preSolution
		HideSolutionNode = FALSE
	EndGlobalSection
	GlobalSection(ExtensibilityGlobals) = postSolution
		SolutionGuid = {F04385FA-C7AF-4D0C-B238-0376E10ABCB9}
	EndGlobalSection
EndGlobal
