
Microsoft Visual Studio Solution File, Format Version 12.00
# Visual Studio Version 16
VisualStudioVersion = 16.0.29709.97
MinimumVisualStudioVersion = 10.0.40219.1
Project("{FAE04EC0-301F-11D3-BF4B-00C04F79EFBC}") = "SequentialCollections", "SequentialCollections\SequentialCollections.csproj", "{84231C52-B28E-4AB4-9F17-6509A460FD57}"
EndProject
Global
	GlobalSection(SolutionConfigurationPlatforms) = preSolution
		Debug|Any CPU = Debug|Any CPU
		Release|Any CPU = Release|Any CPU
	EndGlobalSection
	GlobalSection(ProjectConfigurationPlatforms) = postSolution
		{84231C52-B28E-4AB4-9F17-6509A460FD57}.Debug|Any CPU.ActiveCfg = Debug|Any CPU
		{84231C52-B28E-4AB4-9F17-6509A460FD57}.Debug|Any CPU.Build.0 = Debug|Any CPU
		{84231C52-B28E-4AB4-9F17-6509A460FD57}.Release|Any CPU.ActiveCfg = Release|Any CPU
		{84231C52-B28E-4AB4-9F17-6509A460FD57}.Release|Any CPU.Build.0 = Release|Any CPU
	EndGlobalSection
	GlobalSection(SolutionProperties) = preSolution
		HideSolutionNode = FALSE
	EndGlobalSection
	GlobalSection(ExtensibilityGlobals) = postSolution
		SolutionGuid = {4516845F-3553-4AB0-8F3B-607342911BC2}
	EndGlobalSection
EndGlobal
