
Microsoft Visual Studio Solution File, Format Version 12.00
# Visual Studio Version 16
VisualStudioVersion = 16.0.30503.244
MinimumVisualStudioVersion = 10.0.40219.1
Project("{FAE04EC0-301F-11D3-BF4B-00C04F79EFBC}") = "PR02-2", "PR02-2\PR02-2.csproj", "{B83FC058-F168-4D00-9A58-31EE6279846C}"
EndProject
Global
	GlobalSection(SolutionConfigurationPlatforms) = preSolution
		Debug|Any CPU = Debug|Any CPU
		Release|Any CPU = Release|Any CPU
	EndGlobalSection
	GlobalSection(ProjectConfigurationPlatforms) = postSolution
		{B83FC058-F168-4D00-9A58-31EE6279846C}.Debug|Any CPU.ActiveCfg = Debug|Any CPU
		{B83FC058-F168-4D00-9A58-31EE6279846C}.Debug|Any CPU.Build.0 = Debug|Any CPU
		{B83FC058-F168-4D00-9A58-31EE6279846C}.Release|Any CPU.ActiveCfg = Release|Any CPU
		{B83FC058-F168-4D00-9A58-31EE6279846C}.Release|Any CPU.Build.0 = Release|Any CPU
	EndGlobalSection
	GlobalSection(SolutionProperties) = preSolution
		HideSolutionNode = FALSE
	EndGlobalSection
	GlobalSection(ExtensibilityGlobals) = postSolution
		SolutionGuid = {D9160331-4D9A-4824-991A-9BE1EE078FC0}
	EndGlobalSection
EndGlobal
