
Microsoft Visual Studio Solution File, Format Version 12.00
# Visual Studio Version 16
VisualStudioVersion = 16.0.29709.97
MinimumVisualStudioVersion = 10.0.40219.1
Project("{FAE04EC0-301F-11D3-BF4B-00C04F79EFBC}") = "BasicCollection", "BasicCollection\BasicCollection.csproj", "{376165D4-DD9D-4803-9A69-B10C12D2F0F5}"
EndProject
Global
	GlobalSection(SolutionConfigurationPlatforms) = preSolution
		Debug|Any CPU = Debug|Any CPU
		Release|Any CPU = Release|Any CPU
	EndGlobalSection
	GlobalSection(ProjectConfigurationPlatforms) = postSolution
		{376165D4-DD9D-4803-9A69-B10C12D2F0F5}.Debug|Any CPU.ActiveCfg = Debug|Any CPU
		{376165D4-DD9D-4803-9A69-B10C12D2F0F5}.Debug|Any CPU.Build.0 = Debug|Any CPU
		{376165D4-DD9D-4803-9A69-B10C12D2F0F5}.Release|Any CPU.ActiveCfg = Release|Any CPU
		{376165D4-DD9D-4803-9A69-B10C12D2F0F5}.Release|Any CPU.Build.0 = Release|Any CPU
	EndGlobalSection
	GlobalSection(SolutionProperties) = preSolution
		HideSolutionNode = FALSE
	EndGlobalSection
	GlobalSection(ExtensibilityGlobals) = postSolution
		SolutionGuid = {D3CFE520-857F-43E1-86C3-295E1DD15DAD}
	EndGlobalSection
EndGlobal
