
Microsoft Visual Studio Solution File, Format Version 12.00
# Visual Studio Version 16
VisualStudioVersion = 16.0.30503.244
MinimumVisualStudioVersion = 10.0.40219.1
Project("{FAE04EC0-301F-11D3-BF4B-00C04F79EFBC}") = "CreateStruct", "CreateStruct\CreateStruct.csproj", "{0A170D7E-B313-42BE-9704-CC5F924D47BB}"
EndProject
Global
	GlobalSection(SolutionConfigurationPlatforms) = preSolution
		Debug|Any CPU = Debug|Any CPU
		Release|Any CPU = Release|Any CPU
	EndGlobalSection
	GlobalSection(ProjectConfigurationPlatforms) = postSolution
		{0A170D7E-B313-42BE-9704-CC5F924D47BB}.Debug|Any CPU.ActiveCfg = Debug|Any CPU
		{0A170D7E-B313-42BE-9704-CC5F924D47BB}.Debug|Any CPU.Build.0 = Debug|Any CPU
		{0A170D7E-B313-42BE-9704-CC5F924D47BB}.Release|Any CPU.ActiveCfg = Release|Any CPU
		{0A170D7E-B313-42BE-9704-CC5F924D47BB}.Release|Any CPU.Build.0 = Release|Any CPU
	EndGlobalSection
	GlobalSection(SolutionProperties) = preSolution
		HideSolutionNode = FALSE
	EndGlobalSection
	GlobalSection(ExtensibilityGlobals) = postSolution
		SolutionGuid = {EF110463-683F-4512-BA12-B088FCAA593B}
	EndGlobalSection
EndGlobal
